
Microsoft Visual Studio Solution File, Format Version 12.00
# Visual Studio Version 17
VisualStudioVersion = 17.5.33627.172
MinimumVisualStudioVersion = 10.0.40219.1
Project("{FAE04EC0-301F-11D3-BF4B-00C04F79EFBC}") = "AppView", "AppView\AppView.csproj", "{8D66F3D9-7AFD-4BF3-AB29-198AC8038F65}"
EndProject
Project("{FAE04EC0-301F-11D3-BF4B-00C04F79EFBC}") = "AppApi", "AppApi\AppApi.csproj", "{3BAE254B-B9E5-4059-A034-5C444B31DEE7}"
EndProject
Project("{FAE04EC0-301F-11D3-BF4B-00C04F79EFBC}") = "AppData", "AppData\AppData.csproj", "{8AF5739C-AB36-471D-9D10-C740DCD710A9}"
EndProject
Global
	GlobalSection(SolutionConfigurationPlatforms) = preSolution
		Debug|Any CPU = Debug|Any CPU
		Release|Any CPU = Release|Any CPU
	EndGlobalSection
	GlobalSection(ProjectConfigurationPlatforms) = postSolution
		{8D66F3D9-7AFD-4BF3-AB29-198AC8038F65}.Debug|Any CPU.ActiveCfg = Debug|Any CPU
		{8D66F3D9-7AFD-4BF3-AB29-198AC8038F65}.Debug|Any CPU.Build.0 = Debug|Any CPU
		{8D66F3D9-7AFD-4BF3-AB29-198AC8038F65}.Release|Any CPU.ActiveCfg = Release|Any CPU
		{8D66F3D9-7AFD-4BF3-AB29-198AC8038F65}.Release|Any CPU.Build.0 = Release|Any CPU
		{3BAE254B-B9E5-4059-A034-5C444B31DEE7}.Debug|Any CPU.ActiveCfg = Debug|Any CPU
		{3BAE254B-B9E5-4059-A034-5C444B31DEE7}.Debug|Any CPU.Build.0 = Debug|Any CPU
		{3BAE254B-B9E5-4059-A034-5C444B31DEE7}.Release|Any CPU.ActiveCfg = Release|Any CPU
		{3BAE254B-B9E5-4059-A034-5C444B31DEE7}.Release|Any CPU.Build.0 = Release|Any CPU
		{8AF5739C-AB36-471D-9D10-C740DCD710A9}.Debug|Any CPU.ActiveCfg = Debug|Any CPU
		{8AF5739C-AB36-471D-9D10-C740DCD710A9}.Debug|Any CPU.Build.0 = Debug|Any CPU
		{8AF5739C-AB36-471D-9D10-C740DCD710A9}.Release|Any CPU.ActiveCfg = Release|Any CPU
		{8AF5739C-AB36-471D-9D10-C740DCD710A9}.Release|Any CPU.Build.0 = Release|Any CPU
	EndGlobalSection
	GlobalSection(SolutionProperties) = preSolution
		HideSolutionNode = FALSE
	EndGlobalSection
	GlobalSection(ExtensibilityGlobals) = postSolution
		SolutionGuid = {6622F857-7EE8-4692-AB9E-FFC419EE51F6}
	EndGlobalSection
EndGlobal
